
Microsoft Visual Studio Solution File, Format Version 12.00
# Visual Studio Version 17
VisualStudioVersion = 17.6.33815.320
MinimumVisualStudioVersion = 10.0.40219.1
Project("{FAE04EC0-301F-11D3-BF4B-00C04F79EFBC}") = "Noten", "Noten.csproj", "{A1AEA9F6-DBB6-4FF5-ACFC-2DA69E3A6347}"
EndProject
Global
	GlobalSection(SolutionConfigurationPlatforms) = preSolution
		Debug|Any CPU = Debug|Any CPU
		Release|Any CPU = Release|Any CPU
	EndGlobalSection
	GlobalSection(ProjectConfigurationPlatforms) = postSolution
		{A1AEA9F6-DBB6-4FF5-ACFC-2DA69E3A6347}.Debug|Any CPU.ActiveCfg = Debug|Any CPU
		{A1AEA9F6-DBB6-4FF5-ACFC-2DA69E3A6347}.Debug|Any CPU.Build.0 = Debug|Any CPU
		{A1AEA9F6-DBB6-4FF5-ACFC-2DA69E3A6347}.Release|Any CPU.ActiveCfg = Release|Any CPU
		{A1AEA9F6-DBB6-4FF5-ACFC-2DA69E3A6347}.Release|Any CPU.Build.0 = Release|Any CPU
	EndGlobalSection
	GlobalSection(SolutionProperties) = preSolution
		HideSolutionNode = FALSE
	EndGlobalSection
	GlobalSection(ExtensibilityGlobals) = postSolution
		SolutionGuid = {3FB16C54-7D12-4571-BD3F-B2C873743919}
	EndGlobalSection
EndGlobal
